PODS:
  - device_id (0.0.1):
    - FCUUID
    - Flutter
  - FCUUID (1.3.1):
    - UICKeyChainStore (~> 2.1.0)
  - Flutter (1.0.0)
  - UICKeyChainStore (2.1.2)

DEPENDENCIES:
  - device_id (from `.symlinks/plugins/device_id/ios`)
  - Flutter (from `Flutter`)

SPEC REPOS:
  trunk:
    - FCUUID
    - UICKeyChainStore

EXTERNAL SOURCES:
  device_id:
    :path: ".symlinks/plugins/device_id/ios"
  Flutter:
    :path: Flutter

SPEC CHECKSUMS:
  device_id: 1fad3aaf52fd2ca3592539f5c498014a940d787c
  FCUUID: bb054fc90cd7cd99320f9f6ff8e130fe607fba05
  Flutter: f04841e97a9d0b0a8025694d0796dd46242b2854
  UICKeyChainStore: 85db518bb1d294366d15ec9b92a416c4e670518f

PODFILE CHECKSUM: ef19549a9bc3046e7bb7d2fab4d021637c0c58a3

COCOAPODS: 1.12.1
